Microsoft Visual Studio Solution File, Format Version 12.00
# Visual Studio 2012
Project("{FAE04EC0-301F-11D3-BF4B-00C04F79EFBC}") = "stage-tamagotchi-godot", "stage-tamagotchi-godot.csproj", "{95468D0F-8DA0-4018-8339-3723064F84F3}"
EndProject
Global
	GlobalSection(SolutionConfigurationPlatforms) = preSolution
	Debug|Any CPU = Debug|Any CPU
	ExportDebug|Any CPU = ExportDebug|Any CPU
	ExportRelease|Any CPU = ExportRelease|Any CPU
	EndGlobalSection
	GlobalSection(ProjectConfigurationPlatforms) = postSolution
		{95468D0F-8DA0-4018-8339-3723064F84F3}.Debug|Any CPU.ActiveCfg = Debug|Any CPU
		{95468D0F-8DA0-4018-8339-3723064F84F3}.Debug|Any CPU.Build.0 = Debug|Any CPU
		{95468D0F-8DA0-4018-8339-3723064F84F3}.ExportDebug|Any CPU.ActiveCfg = ExportDebug|Any CPU
		{95468D0F-8DA0-4018-8339-3723064F84F3}.ExportDebug|Any CPU.Build.0 = ExportDebug|Any CPU
		{95468D0F-8DA0-4018-8339-3723064F84F3}.ExportRelease|Any CPU.ActiveCfg = ExportRelease|Any CPU
		{95468D0F-8DA0-4018-8339-3723064F84F3}.ExportRelease|Any CPU.Build.0 = ExportRelease|Any CPU
	EndGlobalSection
EndGlobal
